
Microsoft Visual Studio Solution File, Format Version 12.00
# Visual Studio Version 17
VisualStudioVersion = 17.8.34330.188
MinimumVisualStudioVersion = 10.0.40219.1
Project("{FAE04EC0-301F-11D3-BF4B-00C04F79EFBC}") = "XTECHLavrinova1", "XTECHLavrinova1\XTECHLavrinova1.csproj", "{C2D11C7E-D8F7-46A9-AA99-24468675EEFB}"
EndProject
Global
	GlobalSection(SolutionConfigurationPlatforms) = preSolution
		Debug|Any CPU = Debug|Any CPU
		Release|Any CPU = Release|Any CPU
	EndGlobalSection
	GlobalSection(ProjectConfigurationPlatforms) = postSolution
		{C2D11C7E-D8F7-46A9-AA99-24468675EEFB}.Debug|Any CPU.ActiveCfg = Debug|Any CPU
		{C2D11C7E-D8F7-46A9-AA99-24468675EEFB}.Debug|Any CPU.Build.0 = Debug|Any CPU
		{C2D11C7E-D8F7-46A9-AA99-24468675EEFB}.Release|Any CPU.ActiveCfg = Release|Any CPU
		{C2D11C7E-D8F7-46A9-AA99-24468675EEFB}.Release|Any CPU.Build.0 = Release|Any CPU
	EndGlobalSection
	GlobalSection(SolutionProperties) = preSolution
		HideSolutionNode = FALSE
	EndGlobalSection
	GlobalSection(ExtensibilityGlobals) = postSolution
		SolutionGuid = {C0BFE5C1-9786-48B3-AF69-F3B9721F4C27}
	EndGlobalSection
EndGlobal
